
Microsoft Visual Studio Solution File, Format Version 12.00
# Visual Studio Version 17
VisualStudioVersion = 17.8.34511.84
MinimumVisualStudioVersion = 10.0.40219.1
Project("{FAE04EC0-301F-11D3-BF4B-00C04F79EFBC}") = "E-Commerce-Website", "E-Commerce-Website\E-Commerce-Website.csproj", "{800585BA-0A30-4E50-95E2-081444BF76EA}"
EndProject
Global
	GlobalSection(SolutionConfigurationPlatforms) = preSolution
		Debug|Any CPU = Debug|Any CPU
		Release|Any CPU = Release|Any CPU
	EndGlobalSection
	GlobalSection(ProjectConfigurationPlatforms) = postSolution
		{800585BA-0A30-4E50-95E2-081444BF76EA}.Debug|Any CPU.ActiveCfg = Debug|Any CPU
		{800585BA-0A30-4E50-95E2-081444BF76EA}.Debug|Any CPU.Build.0 = Debug|Any CPU
		{800585BA-0A30-4E50-95E2-081444BF76EA}.Release|Any CPU.ActiveCfg = Release|Any CPU
		{800585BA-0A30-4E50-95E2-081444BF76EA}.Release|Any CPU.Build.0 = Release|Any CPU
	EndGlobalSection
	GlobalSection(SolutionProperties) = preSolution
		HideSolutionNode = FALSE
	EndGlobalSection
	GlobalSection(ExtensibilityGlobals) = postSolution
		SolutionGuid = {19323764-8594-4B0C-A07E-DE0ECF0F3683}
	EndGlobalSection
EndGlobal
